
Microsoft Visual Studio Solution File, Format Version 12.00
# Visual Studio Version 17
VisualStudioVersion = 17.3.32901.215
MinimumVisualStudioVersion = 10.0.40219.1
Project("{FAE04EC0-301F-11D3-BF4B-00C04F79EFBC}") = "EmployeeAPI", "EmployeeAPI\EmployeeAPI.csproj", "{B02F67DD-B364-4FDF-8100-1061B61908AA}"
EndProject
Global
	GlobalSection(SolutionConfigurationPlatforms) = preSolution
		Debug|Any CPU = Debug|Any CPU
		Release|Any CPU = Release|Any CPU
	EndGlobalSection
	GlobalSection(ProjectConfigurationPlatforms) = postSolution
		{B02F67DD-B364-4FDF-8100-1061B61908AA}.Debug|Any CPU.ActiveCfg = Debug|Any CPU
		{B02F67DD-B364-4FDF-8100-1061B61908AA}.Debug|Any CPU.Build.0 = Debug|Any CPU
		{B02F67DD-B364-4FDF-8100-1061B61908AA}.Release|Any CPU.ActiveCfg = Release|Any CPU
		{B02F67DD-B364-4FDF-8100-1061B61908AA}.Release|Any CPU.Build.0 = Release|Any CPU
	EndGlobalSection
	GlobalSection(SolutionProperties) = preSolution
		HideSolutionNode = FALSE
	EndGlobalSection
	GlobalSection(ExtensibilityGlobals) = postSolution
		SolutionGuid = {6012DB1F-C639-415F-B581-AFBF6108B36A}
	EndGlobalSection
EndGlobal
